// !$*UTF8*$!
{
	archiveVersion = 1;
	classes = {
	};
	objectVersion = 46;
	objects = {

/* Begin PBXBuildFile section */
		EE9806241AF2122A00F325B2 /* ItemDetailViewController.m in Sources */ = {isa = PBXBuildFile; fileRef = EE9806231AF2122A00F325B2 /* ItemDetailViewController.m */; };
		EE9806271AF2572F00F325B2 /* BaseViewController.m in Sources */ = {isa = PBXBuildFile; fileRef = EE9806261AF2572F00F325B2 /* BaseViewController.m */; };
		EEDB97CC1AF0F16D002F5FFE /* main.m in Sources */ = {isa = PBXBuildFile; fileRef = EEDB97CB1AF0F16D002F5FFE /* main.m */; };
		EEDB97CF1AF0F16D002F5FFE /* AppDelegate.m in Sources */ = {isa = PBXBuildFile; fileRef = EEDB97CE1AF0F16D002F5FFE /* AppDelegate.m */; };
		EEDB97D21AF0F16D002F5FFE /* ViewController.m in Sources */ = {isa = PBXBuildFile; fileRef = EEDB97D11AF0F16D002F5FFE /* ViewController.m */; };
		EEDB97D51AF0F16D002F5FFE /* Main.storyboard in Resources */ = {isa = PBXBuildFile; fileRef = EEDB97D31AF0F16D002F5FFE /* Main.storyboard */; };
		EEDB97D71AF0F16D002F5FFE /* Images.xcassets in Resources */ = {isa = PBXBuildFile; fileRef = EEDB97D61AF0F16D002F5FFE /* Images.xcassets */; };
		EEDB97DA1AF0F16D002F5FFE /* LaunchScreen.xib in Resources */ = {isa = PBXBuildFile; fileRef = EEDB97D81AF0F16D002F5FFE /* LaunchScreen.xib */; };
		EEDB97E61AF0F16D002F5FFE /* RetailTests.m in Sources */ = {isa = PBXBuildFile; fileRef = EEDB97E51AF0F16D002F5FFE /* RetailTests.m */; };
		EEDB97F11AF0F494002F5FFE /* ItemListTableViewController.m in Sources */ = {isa = PBXBuildFile; fileRef = EEDB97F01AF0F494002F5FFE /* ItemListTableViewController.m */; };
/* End PBXBuildFile section */

/* Begin PBXContainerItemProxy section */
		EEDB97E01AF0F16D002F5FFE /* PBXContainerItemProxy */ = {
			isa = PBXContainerItemProxy;
			containerPortal = EEDB97BE1AF0F16D002F5FFE /* Project object */;
			proxyType = 1;
			remoteGlobalIDString = EEDB97C51AF0F16D002F5FFE;
			remoteInfo = Retail;
		};
/* End PBXContainerItemProxy section */

/* Begin PBXFileReference section */
		EE9806221AF2122A00F325B2 /* ItemDetailViewController.h */ = {isa = PBXFileReference; fileEncoding = 4; lastKnownFileType = sourcecode.c.h; path = ItemDetailViewController.h; sourceTree = "<group>"; };
		EE9806231AF2122A00F325B2 /* ItemDetailViewController.m */ = {isa = PBXFileReference; fileEncoding = 4; lastKnownFileType = sourcecode.c.objc; path = ItemDetailViewController.m; sourceTree = "<group>"; };
		EE9806251AF2572F00F325B2 /* BaseViewController.h */ = {isa = PBXFileReference; fileEncoding = 4; lastKnownFileType = sourcecode.c.h; path = BaseViewController.h; sourceTree = "<group>"; };
		EE9806261AF2572F00F325B2 /* BaseViewController.m */ = {isa = PBXFileReference; fileEncoding = 4; lastKnownFileType = sourcecode.c.objc; path = BaseViewController.m; sourceTree = "<group>"; };
		EEDB97C61AF0F16D002F5FFE /* Retail.app */ = {isa = PBXFileReference; explicitFileType = wrapper.application; includeInIndex = 0; path = Retail.app; sourceTree = BUILT_PRODUCTS_DIR; };
		EEDB97CA1AF0F16D002F5FFE /* Info.plist */ = {isa = PBXFileReference; lastKnownFileType = text.plist.xml; path = Info.plist; sourceTree = "<group>"; };
		EEDB97CB1AF0F16D002F5FFE /* main.m */ = {isa = PBXFileReference; lastKnownFileType = sourcecode.c.objc; path = main.m; sourceTree = "<group>"; };
		EEDB97CD1AF0F16D002F5FFE /* AppDelegate.h */ = {isa = PBXFileReference; lastKnownFileType = sourcecode.c.h; path = AppDelegate.h; sourceTree = "<group>"; };
		EEDB97CE1AF0F16D002F5FFE /* AppDelegate.m */ = {isa = PBXFileReference; lastKnownFileType = sourcecode.c.objc; path = AppDelegate.m; sourceTree = "<group>"; };
		EEDB97D01AF0F16D002F5FFE /* ViewController.h */ = {isa = PBXFileReference; lastKnownFileType = sourcecode.c.h; path = ViewController.h; sourceTree = "<group>"; };
		EEDB97D11AF0F16D002F5FFE /* ViewController.m */ = {isa = PBXFileReference; lastKnownFileType = sourcecode.c.objc; path = ViewController.m; sourceTree = "<group>"; };
		EEDB97D41AF0F16D002F5FFE /* Base */ = {isa = PBXFileReference; lastKnownFileType = file.storyboard; name = Base; path = Base.lproj/Main.storyboard; sourceTree = "<group>"; };
		EEDB97D61AF0F16D002F5FFE /* Images.xcassets */ = {isa = PBXFileReference; lastKnownFileType = folder.assetcatalog; path = Images.xcassets; sourceTree = "<group>"; };
		EEDB97D91AF0F16D002F5FFE /* Base */ = {isa = PBXFileReference; lastKnownFileType = file.xib; name = Base; path = Base.lproj/LaunchScreen.xib; sourceTree = "<group>"; };
		EEDB97DF1AF0F16D002F5FFE /* RetailTests.xctest */ = {isa = PBXFileReference; explicitFileType = wrapper.cfbundle; includeInIndex = 0; path = RetailTests.xctest; sourceTree = BUILT_PRODUCTS_DIR; };
		EEDB97E41AF0F16D002F5FFE /* Info.plist */ = {isa = PBXFileReference; lastKnownFileType = text.plist.xml; path = Info.plist; sourceTree = "<group>"; };
		EEDB97E51AF0F16D002F5FFE /* RetailTests.m */ = {isa = PBXFileReference; lastKnownFileType = sourcecode.c.objc; path = RetailTests.m; sourceTree = "<group>"; };
		EEDB97EF1AF0F494002F5FFE /* ItemListTableViewController.h */ = {isa = PBXFileReference; fileEncoding = 4; lastKnownFileType = sourcecode.c.h; path = ItemListTableViewController.h; sourceTree = "<group>"; };
		EEDB97F01AF0F494002F5FFE /* ItemListTableViewController.m */ = {isa = PBXFileReference; fileEncoding = 4; lastKnownFileType = sourcecode.c.objc; path = ItemListTableViewController.m; sourceTree = "<group>"; };
/* End PBXFileReference section */

/* Begin PBXFrameworksBuildPhase section */
		EEDB97C31AF0F16D002F5FFE /* Frameworks */ = {
			isa = PBXFrameworksBuildPhase;
			buildActionMask = 2147483647;
			files = (
			);
			runOnlyForDeploymentPostprocessing = 0;
		};
		EEDB97DC1AF0F16D002F5FFE /* Frameworks */ = {
			isa = PBXFrameworksBuildPhase;
			buildActionMask = 2147483647;
			files = (
			);
			runOnlyForDeploymentPostprocessing = 0;
		};
/* End PBXFrameworksBuildPhase section */

/* Begin PBXGroup section */
		EEDB97BD1AF0F16D002F5FFE = {
			isa = PBXGroup;
			children = (
				EEDB97C81AF0F16D002F5FFE /* Retail */,
				EEDB97E21AF0F16D002F5FFE /* RetailTests */,
				EEDB97C71AF0F16D002F5FFE /* Products */,
			);
			sourceTree = "<group>";
		};
		EEDB97C71AF0F16D002F5FFE /* Products */ = {
			isa = PBXGroup;
			children = (
				EEDB97C61AF0F16D002F5FFE /* Retail.app */,
				EEDB97DF1AF0F16D002F5FFE /* RetailTests.xctest */,
			);
			name = Products;
			sourceTree = "<group>";
		};
		EEDB97C81AF0F16D002F5FFE /* Retail */ = {
			isa = PBXGroup;
			children = (
				EEDB97CD1AF0F16D002F5FFE /* AppDelegate.h */,
				EEDB97CE1AF0F16D002F5FFE /* AppDelegate.m */,
				EEDB97D01AF0F16D002F5FFE /* ViewController.h */,
				EE9806221AF2122A00F325B2 /* ItemDetailViewController.h */,
				EE9806231AF2122A00F325B2 /* ItemDetailViewController.m */,
				EEDB97D11AF0F16D002F5FFE /* ViewController.m */,
				EEDB97EF1AF0F494002F5FFE /* ItemListTableViewController.h */,
				EEDB97F01AF0F494002F5FFE /* ItemListTableViewController.m */,
				EEDB97D31AF0F16D002F5FFE /* Main.storyboard */,
				EEDB97D61AF0F16D002F5FFE /* Images.xcassets */,
				EE9806251AF2572F00F325B2 /* BaseViewController.h */,
				EE9806261AF2572F00F325B2 /* BaseViewController.m */,
				EEDB97D81AF0F16D002F5FFE /* LaunchScreen.xib */,
				EEDB97C91AF0F16D002F5FFE /* Supporting Files */,
			);
			path = Retail;
			sourceTree = "<group>";
		};
		EEDB97C91AF0F16D002F5FFE /* Supporting Files */ = {
			isa = PBXGroup;
			children = (
				EEDB97CA1AF0F16D002F5FFE /* Info.plist */,
				EEDB97CB1AF0F16D002F5FFE /* main.m */,
			);
			name = "Supporting Files";
			sourceTree = "<group>";
		};
		EEDB97E21AF0F16D002F5FFE /* RetailTests */ = {
			isa = PBXGroup;
			children = (
				EEDB97E51AF0F16D002F5FFE /* RetailTests.m */,
				EEDB97E31AF0F16D002F5FFE /* Supporting Files */,
			);
			path = RetailTests;
			sourceTree = "<group>";
		};
		EEDB97E31AF0F16D002F5FFE /* Supporting Files */ = {
			isa = PBXGroup;
			children = (
				EEDB97E41AF0F16D002F5FFE /* Info.plist */,
			);
			name = "Supporting Files";
			sourceTree = "<group>";
		};
/* End PBXGroup section */

/* Begin PBXNativeTarget section */
		EEDB97C51AF0F16D002F5FFE /* Retail */ = {
			isa = PBXNativeTarget;
			buildConfigurationList = EEDB97E91AF0F16D002F5FFE /* Build configuration list for PBXNativeTarget "Retail" */;
			buildPhases = (
				EEDB97C21AF0F16D002F5FFE /* Sources */,
				EEDB97C31AF0F16D002F5FFE /* Frameworks */,
				EEDB97C41AF0F16D002F5FFE /* Resources */,
			);
			buildRules = (
			);
			dependencies = (
			);
			name = Retail;
			productName = Retail;
			productReference = EEDB97C61AF0F16D002F5FFE /* Retail.app */;
			productType = "com.apple.product-type.application";
		};
		EEDB97DE1AF0F16D002F5FFE /* RetailTests */ = {
			isa = PBXNativeTarget;
			buildConfigurationList = EEDB97EC1AF0F16D002F5FFE /* Build configuration list for PBXNativeTarget "RetailTests" */;
			buildPhases = (
				EEDB97DB1AF0F16D002F5FFE /* Sources */,
				EEDB97DC1AF0F16D002F5FFE /* Frameworks */,
				EEDB97DD1AF0F16D002F5FFE /* Resources */,
			);
			buildRules = (
			);
			dependencies = (
				EEDB97E11AF0F16D002F5FFE /* PBXTargetDependency */,
			);
			name = RetailTests;
			productName = RetailTests;
			productReference = EEDB97DF1AF0F16D002F5FFE /* RetailTests.xctest */;
			productType = "com.apple.product-type.bundle.unit-test";
		};
/* End PBXNativeTarget section */

/* Begin PBXProject section */
		EEDB97BE1AF0F16D002F5FFE /* Project object */ = {
			isa = PBXProject;
			attributes = {
				LastUpgradeCheck = 0620;
				ORGANIZATIONNAME = thoughtworks;
				TargetAttributes = {
					EEDB97C51AF0F16D002F5FFE = {
						CreatedOnToolsVersion = 6.2;
					};
					EEDB97DE1AF0F16D002F5FFE = {
						CreatedOnToolsVersion = 6.2;
						TestTargetID = EEDB97C51AF0F16D002F5FFE;
					};
				};
			};
			buildConfigurationList = EEDB97C11AF0F16D002F5FFE /* Build configuration list for PBXProject "Retail" */;
			compatibilityVersion = "Xcode 3.2";
			developmentRegion = English;
			hasScannedForEncodings = 0;
			knownRegions = (
				en,
				Base,
			);
			mainGroup = EEDB97BD1AF0F16D002F5FFE;
			productRefGroup = EEDB97C71AF0F16D002F5FFE /* Products */;
			projectDirPath = "";
			projectRoot = "";
			targets = (
				EEDB97C51AF0F16D002F5FFE /* Retail */,
				EEDB97DE1AF0F16D002F5FFE /* RetailTests */,
			);
		};
/* End PBXProject section */

/* Begin PBXResourcesBuildPhase section */
		EEDB97C41AF0F16D002F5FFE /* Resources */ = {
			isa = PBXResourcesBuildPhase;
			buildActionMask = 2147483647;
			files = (
				EEDB97D51AF0F16D002F5FFE /* Main.storyboard in Resources */,
				EEDB97DA1AF0F16D002F5FFE /* LaunchScreen.xib in Resources */,
				EEDB97D71AF0F16D002F5FFE /* Images.xcassets in Resources */,
			);
			runOnlyForDeploymentPostprocessing = 0;
		};
		EEDB97DD1AF0F16D002F5FFE /* Resources */ = {
			isa = PBXResourcesBuildPhase;
			buildActionMask = 2147483647;
			files = (
			);
			runOnlyForDeploymentPostprocessing = 0;
		};
/* End PBXResourcesBuildPhase section */

/* Begin PBXSourcesBuildPhase section */
		EEDB97C21AF0F16D002F5FFE /* Sources */ = {
			isa = PBXSourcesBuildPhase;
			buildActionMask = 2147483647;
			files = (
				EEDB97D21AF0F16D002F5FFE /* ViewController.m in Sources */,
				EE9806271AF2572F00F325B2 /* BaseViewController.m in Sources */,
				EEDB97CF1AF0F16D002F5FFE /* AppDelegate.m in Sources */,
				EEDB97F11AF0F494002F5FFE /* ItemListTableViewController.m in Sources */,
				EEDB97CC1AF0F16D002F5FFE /* main.m in Sources */,
				EE9806241AF2122A00F325B2 /* ItemDetailViewController.m in Sources */,
			);
			runOnlyForDeploymentPostprocessing = 0;
		};
		EEDB97DB1AF0F16D002F5FFE /* Sources */ = {
			isa = PBXSourcesBuildPhase;
			buildActionMask = 2147483647;
			files = (
				EEDB97E61AF0F16D002F5FFE /* RetailTests.m in Sources */,
			);
			runOnlyForDeploymentPostprocessing = 0;
		};
/* End PBXSourcesBuildPhase section */

/* Begin PBXTargetDependency section */
		EEDB97E11AF0F16D002F5FFE /* PBXTargetDependency */ = {
			isa = PBXTargetDependency;
			target = EEDB97C51AF0F16D002F5FFE /* Retail */;
			targetProxy = EEDB97E01AF0F16D002F5FFE /* PBXContainerItemProxy */;
		};
/* End PBXTargetDependency section */

/* Begin PBXVariantGroup section */
		EEDB97D31AF0F16D002F5FFE /* Main.storyboard */ = {
			isa = PBXVariantGroup;
			children = (
				EEDB97D41AF0F16D002F5FFE /* Base */,
			);
			name = Main.storyboard;
			sourceTree = "<group>";
		};
		EEDB97D81AF0F16D002F5FFE /* LaunchScreen.xib */ = {
			isa = PBXVariantGroup;
			children = (
				EEDB97D91AF0F16D002F5FFE /* Base */,
			);
			name = LaunchScreen.xib;
			sourceTree = "<group>";
		};
/* End PBXVariantGroup section */

/* Begin XCBuildConfiguration section */
		EEDB97E71AF0F16D002F5FFE /* Debug */ = {
			isa = XCBuildConfiguration;
			buildSettings = {
				ALWAYS_SEARCH_USER_PATHS = NO;
				CLANG_CXX_LANGUAGE_STANDARD = "gnu++0x";
				CLANG_CXX_LIBRARY = "libc++";
				CLANG_ENABLE_MODULES = YES;
				CLANG_ENABLE_OBJC_ARC = YES;
				CLANG_WARN_BOOL_CONVERSION = YES;
				CLANG_WARN_CONSTANT_CONVERSION = YES;
				CLANG_WARN_DIRECT_OBJC_ISA_USAGE = YES_ERROR;
				CLANG_WARN_EMPTY_BODY = YES;
				CLANG_WARN_ENUM_CONVERSION = YES;
				CLANG_WARN_INT_CONVERSION = YES;
				CLANG_WARN_OBJC_ROOT_CLASS = YES_ERROR;
				CLANG_WARN_UNREACHABLE_CODE = YES;
				CLANG_WARN__DUPLICATE_METHOD_MATCH = YES;
				"CODE_SIGN_IDENTITY[sdk=iphoneos*]" = "iPhone Developer";
				COPY_PHASE_STRIP = NO;
				ENABLE_STRICT_OBJC_MSGSEND = YES;
				GCC_C_LANGUAGE_STANDARD = gnu99;
				GCC_DYNAMIC_NO_PIC = NO;
				GCC_OPTIMIZATION_LEVEL = 0;
				GCC_PREPROCESSOR_DEFINITIONS = (
					"DEBUG=1",
					"$(inherited)",
				);
				GCC_SYMBOLS_PRIVATE_EXTERN = NO;
				GCC_WARN_64_TO_32_BIT_CONVERSION = YES;
				GCC_WARN_ABOUT_RETURN_TYPE = YES_ERROR;
				GCC_WARN_UNDECLARED_SELECTOR = YES;
				GCC_WARN_UNINITIALIZED_AUTOS = YES_AGGRESSIVE;
				GCC_WARN_UNUSED_FUNCTION = YES;
				GCC_WARN_UNUSED_VARIABLE = YES;
				IPHONEOS_DEPLOYMENT_TARGET = 8.2;
				MTL_ENABLE_DEBUG_INFO = YES;
				ONLY_ACTIVE_ARCH = YES;
				SDKROOT = iphoneos;
			};
			name = Debug;
		};
		EEDB97E81AF0F16D002F5FFE /* Release */ = {
			isa = XCBuildConfiguration;
			buildSettings = {
				ALWAYS_SEARCH_USER_PATHS = NO;
				CLANG_CXX_LANGUAGE_STANDARD = "gnu++0x";
				CLANG_CXX_LIBRARY = "libc++";
				CLANG_ENABLE_MODULES = YES;
				CLANG_ENABLE_OBJC_ARC = YES;
				CLANG_WARN_BOOL_CONVERSION = YES;
				CLANG_WARN_CONSTANT_CONVERSION = YES;
				CLANG_WARN_DIRECT_OBJC_ISA_USAGE = YES_ERROR;
				CLANG_WARN_EMPTY_BODY = YES;
				CLANG_WARN_ENUM_CONVERSION = YES;
				CLANG_WARN_INT_CONVERSION = YES;
				CLANG_WARN_OBJC_ROOT_CLASS = YES_ERROR;
				CLANG_WARN_UNREACHABLE_CODE = YES;
				CLANG_WARN__DUPLICATE_METHOD_MATCH = YES;
				"CODE_SIGN_IDENTITY[sdk=iphoneos*]" = "iPhone Developer";
				COPY_PHASE_STRIP = NO;
				ENABLE_NS_ASSERTIONS = NO;
				ENABLE_STRICT_OBJC_MSGSEND = YES;
				GCC_C_LANGUAGE_STANDARD = gnu99;
				GCC_WARN_64_TO_32_BIT_CONVERSION = YES;
				GCC_WARN_ABOUT_RETURN_TYPE = YES_ERROR;
				GCC_WARN_UNDECLARED_SELECTOR = YES;
				GCC_WARN_UNINITIALIZED_AUTOS = YES_AGGRESSIVE;
				GCC_WARN_UNUSED_FUNCTION = YES;
				GCC_WARN_UNUSED_VARIABLE = YES;
				IPHONEOS_DEPLOYMENT_TARGET = 8.2;
				MTL_ENABLE_DEBUG_INFO = NO;
				SDKROOT = iphoneos;
				VALIDATE_PRODUCT = YES;
			};
			name = Release;
		};
		EEDB97EA1AF0F16D002F5FFE /* Debug */ = {
			isa = XCBuildConfiguration;
			buildSettings = {
				ASSETCATALOG_COMPILER_APPICON_NAME = AppIcon;
				CODE_SIGN_IDENTITY = "iPhone Developer";
				INFOPLIST_FILE = Retail/Info.plist;
				LD_RUNPATH_SEARCH_PATHS = "$(inherited) @executable_path/Frameworks";
				PRODUCT_NAME = "$(TARGET_NAME)";
			};
			name = Debug;
		};
		EEDB97EB1AF0F16D002F5FFE /* Release */ = {
			isa = XCBuildConfiguration;
			buildSettings = {
				ASSETCATALOG_COMPILER_APPICON_NAME = AppIcon;
				CODE_SIGN_IDENTITY = "iPhone Developer";
				INFOPLIST_FILE = Retail/Info.plist;
				LD_RUNPATH_SEARCH_PATHS = "$(inherited) @executable_path/Frameworks";
				PRODUCT_NAME = "$(TARGET_NAME)";
			};
			name = Release;
		};
		EEDB97ED1AF0F16D002F5FFE /* Debug */ = {
			isa = XCBuildConfiguration;
			buildSettings = {
				BUNDLE_LOADER = "$(TEST_HOST)";
				FRAMEWORK_SEARCH_PATHS = (
					"$(SDKROOT)/Developer/Library/Frameworks",
					"$(inherited)",
				);
				GCC_PREPROCESSOR_DEFINITIONS = (
					"DEBUG=1",
					"$(inherited)",
				);
				INFOPLIST_FILE = RetailTests/Info.plist;
				LD_RUNPATH_SEARCH_PATHS = "$(inherited) @executable_path/Frameworks @loader_path/Frameworks";
				PRODUCT_NAME = "$(TARGET_NAME)";
				TEST_HOST = "$(BUILT_PRODUCTS_DIR)/Retail.app/Retail";
			};
			name = Debug;
		};
		EEDB97EE1AF0F16D002F5FFE /* Release */ = {
			isa = XCBuildConfiguration;
			buildSettings = {
				BUNDLE_LOADER = "$(TEST_HOST)";
				FRAMEWORK_SEARCH_PATHS = (
					"$(SDKROOT)/Developer/Library/Frameworks",
					"$(inherited)",
				);
				INFOPLIST_FILE = RetailTests/Info.plist;
				LD_RUNPATH_SEARCH_PATHS = "$(inherited) @executable_path/Frameworks @loader_path/Frameworks";
				PRODUCT_NAME = "$(TARGET_NAME)";
				TEST_HOST = "$(BUILT_PRODUCTS_DIR)/Retail.app/Retail";
			};
			name = Release;
		};
/* End XCBuildConfiguration section */

/* Begin XCConfigurationList section */
		EEDB97C11AF0F16D002F5FFE /* Build configuration list for PBXProject "Retail" */ = {
			isa = XCConfigurationList;
			buildConfigurations = (
				EEDB97E71AF0F16D002F5FFE /* Debug */,
				EEDB97E81AF0F16D002F5FFE /* Release */,
			);
			defaultConfigurationIsVisible = 0;
			defaultConfigurationName = Release;
		};
		EEDB97E91AF0F16D002F5FFE /* Build configuration list for PBXNativeTarget "Retail" */ = {
			isa = XCConfigurationList;
			buildConfigurations = (
				EEDB97EA1AF0F16D002F5FFE /* Debug */,
				EEDB97EB1AF0F16D002F5FFE /* Release */,
			);
			defaultConfigurationIsVisible = 0;
			defaultConfigurationName = Release;
		};
		EEDB97EC1AF0F16D002F5FFE /* Build configuration list for PBXNativeTarget "RetailTests" */ = {
			isa = XCConfigurationList;
			buildConfigurations = (
				EEDB97ED1AF0F16D002F5FFE /* Debug */,
				EEDB97EE1AF0F16D002F5FFE /* Release */,
			);
			defaultConfigurationIsVisible = 0;
			defaultConfigurationName = Release;
		};
/* End XCConfigurationList section */
	};
	rootObject = EEDB97BE1AF0F16D002F5FFE /* Project object */;
}
